PODS:
  - ves-sample (0.1.7)

DEPENDENCIES:
  - ves-sample (from `https://raw.githubusercontent.com/VIDY/vidy-ios-sample/master/ves-sample.podspec`)

EXTERNAL SOURCES:
  ves-sample:
    :podspec: https://raw.githubusercontent.com/VIDY/vidy-ios-sample/master/ves-sample.podspec

SPEC CHECKSUMS:
  ves-sample: 03c2b66cadf0ab5ec67e41613fa97c92a472564b

PODFILE CHECKSUM: 7329f1117cedde3bd1284758f18d6d636be8d775

COCOAPODS: 1.5.3
